// !$*UTF8*$!
{
	archiveVersion = 1;
	classes = {
	};
	objectVersion = 50;
	objects = {

/* Begin PBXBuildFile section */
		AB3B73402450A5C400D45CB2 /* AppDelegate.swift in Sources */ = {isa = PBXBuildFile; fileRef = AB3B733F2450A5C400D45CB2 /* AppDelegate.swift */; };
		AB3B73422450A5C400D45CB2 /* SceneDelegate.swift in Sources */ = {isa = PBXBuildFile; fileRef = AB3B73412450A5C400D45CB2 /* SceneDelegate.swift */; };
		AB3B73472450A5C400D45CB2 /* Main.storyboard in Resources */ = {isa = PBXBuildFile; fileRef = AB3B73452450A5C400D45CB2 /* Main.storyboard */; };
		AB3B73492450A5CC00D45CB2 /* Assets.xcassets in Resources */ = {isa = PBXBuildFile; fileRef = AB3B73482450A5CC00D45CB2 /* Assets.xcassets */; };
		AB3B734C2450A5CC00D45CB2 /* LaunchScreen.storyboard in Resources */ = {isa = PBXBuildFile; fileRef = AB3B734A2450A5CC00D45CB2 /* LaunchScreen.storyboard */; };
		AB3B73552450A67E00D45CB2 /* calculatorModel.swift in Sources */ = {isa = PBXBuildFile; fileRef = AB3B73532450A67E00D45CB2 /* calculatorModel.swift */; };
		AB3B73562450A67E00D45CB2 /* calculatorViewController.swift in Sources */ = {isa = PBXBuildFile; fileRef = AB3B73542450A67E00D45CB2 /* calculatorViewController.swift */; };
/* End PBXBuildFile section */

/* Begin PBXFileReference section */
		AB3B733C2450A5C400D45CB2 /* iCalculatorApp.app */ = {isa = PBXFileReference; explicitFileType = wrapper.application; includeInIndex = 0; path = iCalculatorApp.app; sourceTree = BUILT_PRODUCTS_DIR; };
		AB3B733F2450A5C400D45CB2 /* AppDelegate.swift */ = {isa = PBXFileReference; lastKnownFileType = sourcecode.swift; path = AppDelegate.swift; sourceTree = "<group>"; };
		AB3B73412450A5C400D45CB2 /* SceneDelegate.swift */ = {isa = PBXFileReference; lastKnownFileType = sourcecode.swift; path = SceneDelegate.swift; sourceTree = "<group>"; };
		AB3B73462450A5C400D45CB2 /* Base */ = {isa = PBXFileReference; lastKnownFileType = file.storyboard; name = Base; path = Base.lproj/Main.storyboard; sourceTree = "<group>"; };
		AB3B73482450A5CC00D45CB2 /* Assets.xcassets */ = {isa = PBXFileReference; lastKnownFileType = folder.assetcatalog; path = Assets.xcassets; sourceTree = "<group>"; };
		AB3B734B2450A5CC00D45CB2 /* Base */ = {isa = PBXFileReference; lastKnownFileType = file.storyboard; name = Base; path = Base.lproj/LaunchScreen.storyboard; sourceTree = "<group>"; };
		AB3B734D2450A5CC00D45CB2 /* Info.plist */ = {isa = PBXFileReference; lastKnownFileType = text.plist.xml; path = Info.plist; sourceTree = "<group>"; };
		AB3B73532450A67E00D45CB2 /* calculatorModel.swift */ = {isa = PBXFileReference; fileEncoding = 4; lastKnownFileType = sourcecode.swift; path = calculatorModel.swift; sourceTree = "<group>"; };
		AB3B73542450A67E00D45CB2 /* calculatorViewController.swift */ = {isa = PBXFileReference; fileEncoding = 4; lastKnownFileType = sourcecode.swift; path = calculatorViewController.swift; sourceTree = "<group>"; };
/* End PBXFileReference section */

/* Begin PBXFrameworksBuildPhase section */
		AB3B73392450A5C400D45CB2 /* Frameworks */ = {
			isa = PBXFrameworksBuildPhase;
			buildActionMask = 2147483647;
			files = (
			);
			runOnlyForDeploymentPostprocessing = 0;
		};
/* End PBXFrameworksBuildPhase section */

/* Begin PBXGroup section */
		AB3B73332450A5C400D45CB2 = {
			isa = PBXGroup;
			children = (
				AB3B733E2450A5C400D45CB2 /* iCalculatorApp */,
				AB3B733D2450A5C400D45CB2 /* Products */,
			);
			sourceTree = "<group>";
		};
		AB3B733D2450A5C400D45CB2 /* Products */ = {
			isa = PBXGroup;
			children = (
				AB3B733C2450A5C400D45CB2 /* iCalculatorApp.app */,
			);
			name = Products;
			sourceTree = "<group>";
		};
		AB3B733E2450A5C400D45CB2 /* iCalculatorApp */ = {
			isa = PBXGroup;
			children = (
				ABF182AD2451AF3E006B2837 /* Model */,
				ABF182AE2451AF51006B2837 /* Controller */,
				AB3B733F2450A5C400D45CB2 /* AppDelegate.swift */,
				AB3B73412450A5C400D45CB2 /* SceneDelegate.swift */,
				AB3B73452450A5C400D45CB2 /* Main.storyboard */,
				AB3B73482450A5CC00D45CB2 /* Assets.xcassets */,
				AB3B734A2450A5CC00D45CB2 /* LaunchScreen.storyboard */,
				AB3B734D2450A5CC00D45CB2 /* Info.plist */,
			);
			path = iCalculatorApp;
			sourceTree = "<group>";
		};
		ABF182AD2451AF3E006B2837 /* Model */ = {
			isa = PBXGroup;
			children = (
				AB3B73532450A67E00D45CB2 /* calculatorModel.swift */,
			);
			path = Model;
			sourceTree = "<group>";
		};
		ABF182AE2451AF51006B2837 /* Controller */ = {
			isa = PBXGroup;
			children = (
				AB3B73542450A67E00D45CB2 /* calculatorViewController.swift */,
			);
			path = Controller;
			sourceTree = "<group>";
		};
/* End PBXGroup section */

/* Begin PBXNativeTarget section */
		AB3B733B2450A5C400D45CB2 /* iCalculatorApp */ = {
			isa = PBXNativeTarget;
			buildConfigurationList = AB3B73502450A5CC00D45CB2 /* Build configuration list for PBXNativeTarget "iCalculatorApp" */;
			buildPhases = (
				AB3B73382450A5C400D45CB2 /* Sources */,
				AB3B73392450A5C400D45CB2 /* Frameworks */,
				AB3B733A2450A5C400D45CB2 /* Resources */,
			);
			buildRules = (
			);
			dependencies = (
			);
			name = iCalculatorApp;
			productName = iCalculatorApp;
			productReference = AB3B733C2450A5C400D45CB2 /* iCalculatorApp.app */;
			productType = "com.apple.product-type.application";
		};
/* End PBXNativeTarget section */

/* Begin PBXProject section */
		AB3B73342450A5C400D45CB2 /* Project object */ = {
			isa = PBXProject;
			attributes = {
				LastSwiftUpdateCheck = 1140;
				LastUpgradeCheck = 1140;
				ORGANIZATIONNAME = "Ahmad Bin Laiq";
				TargetAttributes = {
					AB3B733B2450A5C400D45CB2 = {
						CreatedOnToolsVersion = 11.4;
					};
				};
			};
			buildConfigurationList = AB3B73372450A5C400D45CB2 /* Build configuration list for PBXProject "iCalculatorApp" */;
			compatibilityVersion = "Xcode 9.3";
			developmentRegion = en;
			hasScannedForEncodings = 0;
			knownRegions = (
				en,
				Base,
			);
			mainGroup = AB3B73332450A5C400D45CB2;
			productRefGroup = AB3B733D2450A5C400D45CB2 /* Products */;
			projectDirPath = "";
			projectRoot = "";
			targets = (
				AB3B733B2450A5C400D45CB2 /* iCalculatorApp */,
			);
		};
/* End PBXProject section */

/* Begin PBXResourcesBuildPhase section */
		AB3B733A2450A5C400D45CB2 /* Resources */ = {
			isa = PBXResourcesBuildPhase;
			buildActionMask = 2147483647;
			files = (
				AB3B734C2450A5CC00D45CB2 /* LaunchScreen.storyboard in Resources */,
				AB3B73492450A5CC00D45CB2 /* Assets.xcassets in Resources */,
				AB3B73472450A5C400D45CB2 /* Main.storyboard in Resources */,
			);
			runOnlyForDeploymentPostprocessing = 0;
		};
/* End PBXResourcesBuildPhase section */

/* Begin PBXSourcesBuildPhase section */
		AB3B73382450A5C400D45CB2 /* Sources */ = {
			isa = PBXSourcesBuildPhase;
			buildActionMask = 2147483647;
			files = (
				AB3B73402450A5C400D45CB2 /* AppDelegate.swift in Sources */,
				AB3B73562450A67E00D45CB2 /* calculatorViewController.swift in Sources */,
				AB3B73422450A5C400D45CB2 /* SceneDelegate.swift in Sources */,
				AB3B73552450A67E00D45CB2 /* calculatorModel.swift in Sources */,
			);
			runOnlyForDeploymentPostprocessing = 0;
		};
/* End PBXSourcesBuildPhase section */

/* Begin PBXVariantGroup section */
		AB3B73452450A5C400D45CB2 /* Main.storyboard */ = {
			isa = PBXVariantGroup;
			children = (
				AB3B73462450A5C400D45CB2 /* Base */,
			);
			name = Main.storyboard;
			sourceTree = "<group>";
		};
		AB3B734A2450A5CC00D45CB2 /* LaunchScreen.storyboard */ = {
			isa = PBXVariantGroup;
			children = (
				AB3B734B2450A5CC00D45CB2 /* Base */,
			);
			name = LaunchScreen.storyboard;
			sourceTree = "<group>";
		};
/* End PBXVariantGroup section */

/* Begin XCBuildConfiguration section */
		AB3B734E2450A5CC00D45CB2 /* Debug */ = {
			isa = XCBuildConfiguration;
			buildSettings = {
				ALWAYS_SEARCH_USER_PATHS = NO;
				CLANG_ANALYZER_NONNULL = YES;
				CLANG_ANALYZER_NUMBER_OBJECT_CONVERSION = YES_AGGRESSIVE;
				CLANG_CXX_LANGUAGE_STANDARD = "gnu++14";
				CLANG_CXX_LIBRARY = "libc++";
				CLANG_ENABLE_MODULES = YES;
				CLANG_ENABLE_OBJC_ARC = YES;
				CLANG_ENABLE_OBJC_WEAK = YES;
				CLANG_WARN_BLOCK_CAPTURE_AUTORELEASING = YES;
				CLANG_WARN_BOOL_CONVERSION = YES;
				CLANG_WARN_COMMA = YES;
				CLANG_WARN_CONSTANT_CONVERSION = YES;
				CLANG_WARN_DEPRECATED_OBJC_IMPLEMENTATIONS = YES;
				CLANG_WARN_DIRECT_OBJC_ISA_USAGE = YES_ERROR;
				CLANG_WARN_DOCUMENTATION_COMMENTS = YES;
				CLANG_WARN_EMPTY_BODY = YES;
				CLANG_WARN_ENUM_CONVERSION = YES;
				CLANG_WARN_INFINITE_RECURSION = YES;
				CLANG_WARN_INT_CONVERSION = YES;
				CLANG_WARN_NON_LITERAL_NULL_CONVERSION = YES;
				CLANG_WARN_OBJC_IMPLICIT_RETAIN_SELF = YES;
				CLANG_WARN_OBJC_LITERAL_CONVERSION = YES;
				CLANG_WARN_OBJC_ROOT_CLASS = YES_ERROR;
				CLANG_WARN_RANGE_LOOP_ANALYSIS = YES;
				CLANG_WARN_STRICT_PROTOTYPES = YES;
				CLANG_WARN_SUSPICIOUS_MOVE = YES;
				CLANG_WARN_UNGUARDED_AVAILABILITY = YES_AGGRESSIVE;
				CLANG_WARN_UNREACHABLE_CODE = YES;
				CLANG_WARN__DUPLICATE_METHOD_MATCH = YES;
				COPY_PHASE_STRIP = NO;
				DEBUG_INFORMATION_FORMAT = dwarf;
				ENABLE_STRICT_OBJC_MSGSEND = YES;
				ENABLE_TESTABILITY = YES;
				GCC_C_LANGUAGE_STANDARD = gnu11;
				GCC_DYNAMIC_NO_PIC = NO;
				GCC_NO_COMMON_BLOCKS = YES;
				GCC_OPTIMIZATION_LEVEL = 0;
				GCC_PREPROCESSOR_DEFINITIONS = (
					"DEBUG=1",
					"$(inherited)",
				);
				GCC_WARN_64_TO_32_BIT_CONVERSION = YES;
				GCC_WARN_ABOUT_RETURN_TYPE = YES_ERROR;
				GCC_WARN_UNDECLARED_SELECTOR = YES;
				GCC_WARN_UNINITIALIZED_AUTOS = YES_AGGRESSIVE;
				GCC_WARN_UNUSED_FUNCTION = YES;
				GCC_WARN_UNUSED_VARIABLE = YES;
				IPHONEOS_DEPLOYMENT_TARGET = 13.4;
				MTL_ENABLE_DEBUG_INFO = INCLUDE_SOURCE;
				MTL_FAST_MATH = YES;
				ONLY_ACTIVE_ARCH = YES;
				SDKROOT = iphoneos;
				SWIFT_ACTIVE_COMPILATION_CONDITIONS = DEBUG;
				SWIFT_OPTIMIZATION_LEVEL = "-Onone";
			};
			name = Debug;
		};
		AB3B734F2450A5CC00D45CB2 /* Release */ = {
			isa = XCBuildConfiguration;
			buildSettings = {
				ALWAYS_SEARCH_USER_PATHS = NO;
				CLANG_ANALYZER_NONNULL = YES;
				CLANG_ANALYZER_NUMBER_OBJECT_CONVERSION = YES_AGGRESSIVE;
				CLANG_CXX_LANGUAGE_STANDARD = "gnu++14";
				CLANG_CXX_LIBRARY = "libc++";
				CLANG_ENABLE_MODULES = YES;
				CLANG_ENABLE_OBJC_ARC = YES;
				CLANG_ENABLE_OBJC_WEAK = YES;
				CLANG_WARN_BLOCK_CAPTURE_AUTORELEASING = YES;
				CLANG_WARN_BOOL_CONVERSION = YES;
				CLANG_WARN_COMMA = YES;
				CLANG_WARN_CONSTANT_CONVERSION = YES;
				CLANG_WARN_DEPRECATED_OBJC_IMPLEMENTATIONS = YES;
				CLANG_WARN_DIRECT_OBJC_ISA_USAGE = YES_ERROR;
				CLANG_WARN_DOCUMENTATION_COMMENTS = YES;
				CLANG_WARN_EMPTY_BODY = YES;
				CLANG_WARN_ENUM_CONVERSION = YES;
				CLANG_WARN_INFINITE_RECURSION = YES;
				CLANG_WARN_INT_CONVERSION = YES;
				CLANG_WARN_NON_LITERAL_NULL_CONVERSION = YES;
				CLANG_WARN_OBJC_IMPLICIT_RETAIN_SELF = YES;
				CLANG_WARN_OBJC_LITERAL_CONVERSION = YES;
				CLANG_WARN_OBJC_ROOT_CLASS = YES_ERROR;
				CLANG_WARN_RANGE_LOOP_ANALYSIS = YES;
				CLANG_WARN_STRICT_PROTOTYPES = YES;
				CLANG_WARN_SUSPICIOUS_MOVE = YES;
				CLANG_WARN_UNGUARDED_AVAILABILITY = YES_AGGRESSIVE;
				CLANG_WARN_UNREACHABLE_CODE = YES;
				CLANG_WARN__DUPLICATE_METHOD_MATCH = YES;
				COPY_PHASE_STRIP = NO;
				DEBUG_INFORMATION_FORMAT = "dwarf-with-dsym";
				ENABLE_NS_ASSERTIONS = NO;
				ENABLE_STRICT_OBJC_MSGSEND = YES;
				GCC_C_LANGUAGE_STANDARD = gnu11;
				GCC_NO_COMMON_BLOCKS = YES;
				GCC_WARN_64_TO_32_BIT_CONVERSION = YES;
				GCC_WARN_ABOUT_RETURN_TYPE = YES_ERROR;
				GCC_WARN_UNDECLARED_SELECTOR = YES;
				GCC_WARN_UNINITIALIZED_AUTOS = YES_AGGRESSIVE;
				GCC_WARN_UNUSED_FUNCTION = YES;
				GCC_WARN_UNUSED_VARIABLE = YES;
				IPHONEOS_DEPLOYMENT_TARGET = 13.4;
				MTL_ENABLE_DEBUG_INFO = NO;
				MTL_FAST_MATH = YES;
				SDKROOT = iphoneos;
				SWIFT_COMPILATION_MODE = wholemodule;
				SWIFT_OPTIMIZATION_LEVEL = "-O";
				VALIDATE_PRODUCT = YES;
			};
			name = Release;
		};
		AB3B73512450A5CC00D45CB2 /* Debug */ = {
			isa = XCBuildConfiguration;
			buildSettings = {
				ASSETCATALOG_COMPILER_APPICON_NAME = AppIcon;
				CODE_SIGN_STYLE = Automatic;
				INFOPLIST_FILE = iCalculatorApp/Info.plist;
				LD_RUNPATH_SEARCH_PATHS = (
					"$(inherited)",
					"@executable_path/Frameworks",
				);
				PRODUCT_BUNDLE_IDENTIFIER = "Personal-Project.iCalculatorApp";
				PRODUCT_NAME = "$(TARGET_NAME)";
				SWIFT_VERSION = 5.0;
				TARGETED_DEVICE_FAMILY = "1,2";
			};
			name = Debug;
		};
		AB3B73522450A5CC00D45CB2 /* Release */ = {
			isa = XCBuildConfiguration;
			buildSettings = {
				ASSETCATALOG_COMPILER_APPICON_NAME = AppIcon;
				CODE_SIGN_STYLE = Automatic;
				INFOPLIST_FILE = iCalculatorApp/Info.plist;
				LD_RUNPATH_SEARCH_PATHS = (
					"$(inherited)",
					"@executable_path/Frameworks",
				);
				PRODUCT_BUNDLE_IDENTIFIER = "Personal-Project.iCalculatorApp";
				PRODUCT_NAME = "$(TARGET_NAME)";
				SWIFT_VERSION = 5.0;
				TARGETED_DEVICE_FAMILY = "1,2";
			};
			name = Release;
		};
/* End XCBuildConfiguration section */

/* Begin XCConfigurationList section */
		AB3B73372450A5C400D45CB2 /* Build configuration list for PBXProject "iCalculatorApp" */ = {
			isa = XCConfigurationList;
			buildConfigurations = (
				AB3B734E2450A5CC00D45CB2 /* Debug */,
				AB3B734F2450A5CC00D45CB2 /* Release */,
			);
			defaultConfigurationIsVisible = 0;
			defaultConfigurationName = Release;
		};
		AB3B73502450A5CC00D45CB2 /* Build configuration list for PBXNativeTarget "iCalculatorApp" */ = {
			isa = XCConfigurationList;
			buildConfigurations = (
				AB3B73512450A5CC00D45CB2 /* Debug */,
				AB3B73522450A5CC00D45CB2 /* Release */,
			);
			defaultConfigurationIsVisible = 0;
			defaultConfigurationName = Release;
		};
/* End XCConfigurationList section */
	};
	rootObject = AB3B73342450A5C400D45CB2 /* Project object */;
}
